// !$*UTF8*$!
{
	archiveVersion = 1;
	classes = {
	};
	objectVersion = 46;
	objects = {

/* Begin PBXBuildFile section */
		5AEA362B1D28D1A4006BFEF6 /* main.m in Sources */ = {isa = PBXBuildFile; fileRef = 5AEA362A1D28D1A4006BFEF6 /* main.m */; };
		5AEA362E1D28D1A4006BFEF6 /* AppDelegate.m in Sources */ = {isa = PBXBuildFile; fileRef = 5AEA362D1D28D1A4006BFEF6 /* AppDelegate.m */; };
		5AEA36311D28D1A4006BFEF6 /* ViewController.m in Sources */ = {isa = PBXBuildFile; fileRef = 5AEA36301D28D1A4006BFEF6 /* ViewController.m */; };
		5AEA36341D28D1A4006BFEF6 /* Main.storyboard in Resources */ = {isa = PBXBuildFile; fileRef = 5AEA36321D28D1A4006BFEF6 /* Main.storyboard */; };
		5AEA36361D28D1A4006BFEF6 /* Assets.xcassets in Resources */ = {isa = PBXBuildFile; fileRef = 5AEA36351D28D1A4006BFEF6 /* Assets.xcassets */; };
		5AEA36391D28D1A4006BFEF6 /* LaunchScreen.storyboard in Resources */ = {isa = PBXBuildFile; fileRef = 5AEA36371D28D1A4006BFEF6 /* LaunchScreen.storyboard */; };
		5AEA36441D28D1A4006BFEF6 /* XMGStatuBarHUDTests.m in Sources */ = {isa = PBXBuildFile; fileRef = 5AEA36431D28D1A4006BFEF6 /* XMGStatuBarHUDTests.m */; };
		5AEA364F1D28D1A4006BFEF6 /* XMGStatuBarHUDUITests.m in Sources */ = {isa = PBXBuildFile; fileRef = 5AEA364E1D28D1A4006BFEF6 /* XMGStatuBarHUDUITests.m */; };
/* End PBXBuildFile section */

/* Begin PBXContainerItemProxy section */
		5AEA36401D28D1A4006BFEF6 /* PBXContainerItemProxy */ = {
			isa = PBXContainerItemProxy;
			containerPortal = 5AEA361E1D28D1A4006BFEF6 /* Project object */;
			proxyType = 1;
			remoteGlobalIDString = 5AEA36251D28D1A4006BFEF6;
			remoteInfo = XMGStatuBarHUD;
		};
		5AEA364B1D28D1A4006BFEF6 /* PBXContainerItemProxy */ = {
			isa = PBXContainerItemProxy;
			containerPortal = 5AEA361E1D28D1A4006BFEF6 /* Project object */;
			proxyType = 1;
			remoteGlobalIDString = 5AEA36251D28D1A4006BFEF6;
			remoteInfo = XMGStatuBarHUD;
		};
/* End PBXContainerItemProxy section */

/* Begin PBXFileReference section */
		5AEA36261D28D1A4006BFEF6 /* XMGStatuBarHUD.app */ = {isa = PBXFileReference; explicitFileType = wrapper.application; includeInIndex = 0; path = XMGStatuBarHUD.app; sourceTree = BUILT_PRODUCTS_DIR; };
		5AEA362A1D28D1A4006BFEF6 /* main.m */ = {isa = PBXFileReference; lastKnownFileType = sourcecode.c.objc; path = main.m; sourceTree = "<group>"; };
		5AEA362C1D28D1A4006BFEF6 /* AppDelegate.h */ = {isa = PBXFileReference; lastKnownFileType = sourcecode.c.h; path = AppDelegate.h; sourceTree = "<group>"; };
		5AEA362D1D28D1A4006BFEF6 /* AppDelegate.m */ = {isa = PBXFileReference; lastKnownFileType = sourcecode.c.objc; path = AppDelegate.m; sourceTree = "<group>"; };
		5AEA362F1D28D1A4006BFEF6 /* ViewController.h */ = {isa = PBXFileReference; lastKnownFileType = sourcecode.c.h; path = ViewController.h; sourceTree = "<group>"; };
		5AEA36301D28D1A4006BFEF6 /* ViewController.m */ = {isa = PBXFileReference; lastKnownFileType = sourcecode.c.objc; path = ViewController.m; sourceTree = "<group>"; };
		5AEA36331D28D1A4006BFEF6 /* Base */ = {isa = PBXFileReference; lastKnownFileType = file.storyboard; name = Base; path = Base.lproj/Main.storyboard; sourceTree = "<group>"; };
		5AEA36351D28D1A4006BFEF6 /* Assets.xcassets */ = {isa = PBXFileReference; lastKnownFileType = folder.assetcatalog; path = Assets.xcassets; sourceTree = "<group>"; };
		5AEA36381D28D1A4006BFEF6 /* Base */ = {isa = PBXFileReference; lastKnownFileType = file.storyboard; name = Base; path = Base.lproj/LaunchScreen.storyboard; sourceTree = "<group>"; };
		5AEA363A1D28D1A4006BFEF6 /* Info.plist */ = {isa = PBXFileReference; lastKnownFileType = text.plist.xml; path = Info.plist; sourceTree = "<group>"; };
		5AEA363F1D28D1A4006BFEF6 /* XMGStatuBarHUDTests.xctest */ = {isa = PBXFileReference; explicitFileType = wrapper.cfbundle; includeInIndex = 0; path = XMGStatuBarHUDTests.xctest; sourceTree = BUILT_PRODUCTS_DIR; };
		5AEA36431D28D1A4006BFEF6 /* XMGStatuBarHUDTests.m */ = {isa = PBXFileReference; lastKnownFileType = sourcecode.c.objc; path = XMGStatuBarHUDTests.m; sourceTree = "<group>"; };
		5AEA36451D28D1A4006BFEF6 /* Info.plist */ = {isa = PBXFileReference; lastKnownFileType = text.plist.xml; path = Info.plist; sourceTree = "<group>"; };
		5AEA364A1D28D1A4006BFEF6 /* XMGStatuBarHUDUITests.xctest */ = {isa = PBXFileReference; explicitFileType = wrapper.cfbundle; includeInIndex = 0; path = XMGStatuBarHUDUITests.xctest; sourceTree = BUILT_PRODUCTS_DIR; };
		5AEA364E1D28D1A4006BFEF6 /* XMGStatuBarHUDUITests.m */ = {isa = PBXFileReference; lastKnownFileType = sourcecode.c.objc; path = XMGStatuBarHUDUITests.m; sourceTree = "<group>"; };
		5AEA36501D28D1A4006BFEF6 /* Info.plist */ = {isa = PBXFileReference; lastKnownFileType = text.plist.xml; path = Info.plist; sourceTree = "<group>"; };
/* End PBXFileReference section */

/* Begin PBXFrameworksBuildPhase section */
		5AEA36231D28D1A4006BFEF6 /* Frameworks */ = {
			isa = PBXFrameworksBuildPhase;
			buildActionMask = 2147483647;
			files = (
			);
			runOnlyForDeploymentPostprocessing = 0;
		};
		5AEA363C1D28D1A4006BFEF6 /* Frameworks */ = {
			isa = PBXFrameworksBuildPhase;
			buildActionMask = 2147483647;
			files = (
			);
			runOnlyForDeploymentPostprocessing = 0;
		};
		5AEA36471D28D1A4006BFEF6 /* Frameworks */ = {
			isa = PBXFrameworksBuildPhase;
			buildActionMask = 2147483647;
			files = (
			);
			runOnlyForDeploymentPostprocessing = 0;
		};
/* End PBXFrameworksBuildPhase section */

/* Begin PBXGroup section */
		5AEA361D1D28D1A4006BFEF6 = {
			isa = PBXGroup;
			children = (
				5AEA36281D28D1A4006BFEF6 /* XMGStatuBarHUD */,
				5AEA36421D28D1A4006BFEF6 /* XMGStatuBarHUDTests */,
				5AEA364D1D28D1A4006BFEF6 /* XMGStatuBarHUDUITests */,
				5AEA36271D28D1A4006BFEF6 /* Products */,
			);
			sourceTree = "<group>";
		};
		5AEA36271D28D1A4006BFEF6 /* Products */ = {
			isa = PBXGroup;
			children = (
				5AEA36261D28D1A4006BFEF6 /* XMGStatuBarHUD.app */,
				5AEA363F1D28D1A4006BFEF6 /* XMGStatuBarHUDTests.xctest */,
				5AEA364A1D28D1A4006BFEF6 /* XMGStatuBarHUDUITests.xctest */,
			);
			name = Products;
			sourceTree = "<group>";
		};
		5AEA36281D28D1A4006BFEF6 /* XMGStatuBarHUD */ = {
			isa = PBXGroup;
			children = (
				5AEA362C1D28D1A4006BFEF6 /* AppDelegate.h */,
				5AEA362D1D28D1A4006BFEF6 /* AppDelegate.m */,
				5AEA362F1D28D1A4006BFEF6 /* ViewController.h */,
				5AEA36301D28D1A4006BFEF6 /* ViewController.m */,
				5AEA36321D28D1A4006BFEF6 /* Main.storyboard */,
				5AEA36351D28D1A4006BFEF6 /* Assets.xcassets */,
				5AEA36371D28D1A4006BFEF6 /* LaunchScreen.storyboard */,
				5AEA363A1D28D1A4006BFEF6 /* Info.plist */,
				5AEA36291D28D1A4006BFEF6 /* Supporting Files */,
			);
			path = XMGStatuBarHUD;
			sourceTree = "<group>";
		};
		5AEA36291D28D1A4006BFEF6 /* Supporting Files */ = {
			isa = PBXGroup;
			children = (
				5AEA362A1D28D1A4006BFEF6 /* main.m */,
			);
			name = "Supporting Files";
			sourceTree = "<group>";
		};
		5AEA36421D28D1A4006BFEF6 /* XMGStatuBarHUDTests */ = {
			isa = PBXGroup;
			children = (
				5AEA36431D28D1A4006BFEF6 /* XMGStatuBarHUDTests.m */,
				5AEA36451D28D1A4006BFEF6 /* Info.plist */,
			);
			path = XMGStatuBarHUDTests;
			sourceTree = "<group>";
		};
		5AEA364D1D28D1A4006BFEF6 /* XMGStatuBarHUDUITests */ = {
			isa = PBXGroup;
			children = (
				5AEA364E1D28D1A4006BFEF6 /* XMGStatuBarHUDUITests.m */,
				5AEA36501D28D1A4006BFEF6 /* Info.plist */,
			);
			path = XMGStatuBarHUDUITests;
			sourceTree = "<group>";
		};
/* End PBXGroup section */

/* Begin PBXNativeTarget section */
		5AEA36251D28D1A4006BFEF6 /* XMGStatuBarHUD */ = {
			isa = PBXNativeTarget;
			buildConfigurationList = 5AEA36531D28D1A4006BFEF6 /* Build configuration list for PBXNativeTarget "XMGStatuBarHUD" */;
			buildPhases = (
				5AEA36221D28D1A4006BFEF6 /* Sources */,
				5AEA36231D28D1A4006BFEF6 /* Frameworks */,
				5AEA36241D28D1A4006BFEF6 /* Resources */,
			);
			buildRules = (
			);
			dependencies = (
			);
			name = XMGStatuBarHUD;
			productName = XMGStatuBarHUD;
			productReference = 5AEA36261D28D1A4006BFEF6 /* XMGStatuBarHUD.app */;
			productType = "com.apple.product-type.application";
		};
		5AEA363E1D28D1A4006BFEF6 /* XMGStatuBarHUDTests */ = {
			isa = PBXNativeTarget;
			buildConfigurationList = 5AEA36561D28D1A4006BFEF6 /* Build configuration list for PBXNativeTarget "XMGStatuBarHUDTests" */;
			buildPhases = (
				5AEA363B1D28D1A4006BFEF6 /* Sources */,
				5AEA363C1D28D1A4006BFEF6 /* Frameworks */,
				5AEA363D1D28D1A4006BFEF6 /* Resources */,
			);
			buildRules = (
			);
			dependencies = (
				5AEA36411D28D1A4006BFEF6 /* PBXTargetDependency */,
			);
			name = XMGStatuBarHUDTests;
			productName = XMGStatuBarHUDTests;
			productReference = 5AEA363F1D28D1A4006BFEF6 /* XMGStatuBarHUDTests.xctest */;
			productType = "com.apple.product-type.bundle.unit-test";
		};
		5AEA36491D28D1A4006BFEF6 /* XMGStatuBarHUDUITests */ = {
			isa = PBXNativeTarget;
			buildConfigurationList = 5AEA36591D28D1A4006BFEF6 /* Build configuration list for PBXNativeTarget "XMGStatuBarHUDUITests" */;
			buildPhases = (
				5AEA36461D28D1A4006BFEF6 /* Sources */,
				5AEA36471D28D1A4006BFEF6 /* Frameworks */,
				5AEA36481D28D1A4006BFEF6 /* Resources */,
			);
			buildRules = (
			);
			dependencies = (
				5AEA364C1D28D1A4006BFEF6 /* PBXTargetDependency */,
			);
			name = XMGStatuBarHUDUITests;
			productName = XMGStatuBarHUDUITests;
			productReference = 5AEA364A1D28D1A4006BFEF6 /* XMGStatuBarHUDUITests.xctest */;
			productType = "com.apple.product-type.bundle.ui-testing";
		};
/* End PBXNativeTarget section */

/* Begin PBXProject section */
		5AEA361E1D28D1A4006BFEF6 /* Project object */ = {
			isa = PBXProject;
			attributes = {
				LastUpgradeCheck = 0720;
				ORGANIZATIONNAME = facker;
				TargetAttributes = {
					5AEA36251D28D1A4006BFEF6 = {
						CreatedOnToolsVersion = 7.2;
					};
					5AEA363E1D28D1A4006BFEF6 = {
						CreatedOnToolsVersion = 7.2;
						TestTargetID = 5AEA36251D28D1A4006BFEF6;
					};
					5AEA36491D28D1A4006BFEF6 = {
						CreatedOnToolsVersion = 7.2;
						TestTargetID = 5AEA36251D28D1A4006BFEF6;
					};
				};
			};
			buildConfigurationList = 5AEA36211D28D1A4006BFEF6 /* Build configuration list for PBXProject "XMGStatuBarHUD" */;
			compatibilityVersion = "Xcode 3.2";
			developmentRegion = English;
			hasScannedForEncodings = 0;
			knownRegions = (
				en,
				Base,
			);
			mainGroup = 5AEA361D1D28D1A4006BFEF6;
			productRefGroup = 5AEA36271D28D1A4006BFEF6 /* Products */;
			projectDirPath = "";
			projectRoot = "";
			targets = (
				5AEA36251D28D1A4006BFEF6 /* XMGStatuBarHUD */,
				5AEA363E1D28D1A4006BFEF6 /* XMGStatuBarHUDTests */,
				5AEA36491D28D1A4006BFEF6 /* XMGStatuBarHUDUITests */,
			);
		};
/* End PBXProject section */

/* Begin PBXResourcesBuildPhase section */
		5AEA36241D28D1A4006BFEF6 /* Resources */ = {
			isa = PBXResourcesBuildPhase;
			buildActionMask = 2147483647;
			files = (
				5AEA36391D28D1A4006BFEF6 /* LaunchScreen.storyboard in Resources */,
				5AEA36361D28D1A4006BFEF6 /* Assets.xcassets in Resources */,
				5AEA36341D28D1A4006BFEF6 /* Main.storyboard in Resources */,
			);
			runOnlyForDeploymentPostprocessing = 0;
		};
		5AEA363D1D28D1A4006BFEF6 /* Resources */ = {
			isa = PBXResourcesBuildPhase;
			buildActionMask = 2147483647;
			files = (
			);
			runOnlyForDeploymentPostprocessing = 0;
		};
		5AEA36481D28D1A4006BFEF6 /* Resources */ = {
			isa = PBXResourcesBuildPhase;
			buildActionMask = 2147483647;
			files = (
			);
			runOnlyForDeploymentPostprocessing = 0;
		};
/* End PBXResourcesBuildPhase section */

/* Begin PBXSourcesBuildPhase section */
		5AEA36221D28D1A4006BFEF6 /* Sources */ = {
			isa = PBXSourcesBuildPhase;
			buildActionMask = 2147483647;
			files = (
				5AEA36311D28D1A4006BFEF6 /* ViewController.m in Sources */,
				5AEA362E1D28D1A4006BFEF6 /* AppDelegate.m in Sources */,
				5AEA362B1D28D1A4006BFEF6 /* main.m in Sources */,
			);
			runOnlyForDeploymentPostprocessing = 0;
		};
		5AEA363B1D28D1A4006BFEF6 /* Sources */ = {
			isa = PBXSourcesBuildPhase;
			buildActionMask = 2147483647;
			files = (
				5AEA36441D28D1A4006BFEF6 /* XMGStatuBarHUDTests.m in Sources */,
			);
			runOnlyForDeploymentPostprocessing = 0;
		};
		5AEA36461D28D1A4006BFEF6 /* Sources */ = {
			isa = PBXSourcesBuildPhase;
			buildActionMask = 2147483647;
			files = (
				5AEA364F1D28D1A4006BFEF6 /* XMGStatuBarHUDUITests.m in Sources */,
			);
			runOnlyForDeploymentPostprocessing = 0;
		};
/* End PBXSourcesBuildPhase section */

/* Begin PBXTargetDependency section */
		5AEA36411D28D1A4006BFEF6 /* PBXTargetDependency */ = {
			isa = PBXTargetDependency;
			target = 5AEA36251D28D1A4006BFEF6 /* XMGStatuBarHUD */;
			targetProxy = 5AEA36401D28D1A4006BFEF6 /* PBXContainerItemProxy */;
		};
		5AEA364C1D28D1A4006BFEF6 /* PBXTargetDependency */ = {
			isa = PBXTargetDependency;
			target = 5AEA36251D28D1A4006BFEF6 /* XMGStatuBarHUD */;
			targetProxy = 5AEA364B1D28D1A4006BFEF6 /* PBXContainerItemProxy */;
		};
/* End PBXTargetDependency section */

/* Begin PBXVariantGroup section */
		5AEA36321D28D1A4006BFEF6 /* Main.storyboard */ = {
			isa = PBXVariantGroup;
			children = (
				5AEA36331D28D1A4006BFEF6 /* Base */,
			);
			name = Main.storyboard;
			sourceTree = "<group>";
		};
		5AEA36371D28D1A4006BFEF6 /* LaunchScreen.storyboard */ = {
			isa = PBXVariantGroup;
			children = (
				5AEA36381D28D1A4006BFEF6 /* Base */,
			);
			name = LaunchScreen.storyboard;
			sourceTree = "<group>";
		};
/* End PBXVariantGroup section */

/* Begin XCBuildConfiguration section */
		5AEA36511D28D1A4006BFEF6 /* Debug */ = {
			isa = XCBuildConfiguration;
			buildSettings = {
				ALWAYS_SEARCH_USER_PATHS = NO;
				CLANG_CXX_LANGUAGE_STANDARD = "gnu++0x";
				CLANG_CXX_LIBRARY = "libc++";
				CLANG_ENABLE_MODULES = YES;
				CLANG_ENABLE_OBJC_ARC = YES;
				CLANG_WARN_BOOL_CONVERSION = YES;
				CLANG_WARN_CONSTANT_CONVERSION = YES;
				CLANG_WARN_DIRECT_OBJC_ISA_USAGE = YES_ERROR;
				CLANG_WARN_EMPTY_BODY = YES;
				CLANG_WARN_ENUM_CONVERSION = YES;
				CLANG_WARN_INT_CONVERSION = YES;
				CLANG_WARN_OBJC_ROOT_CLASS = YES_ERROR;
				CLANG_WARN_UNREACHABLE_CODE = YES;
				CLANG_WARN__DUPLICATE_METHOD_MATCH = YES;
				"CODE_SIGN_IDENTITY[sdk=iphoneos*]" = "iPhone Developer";
				COPY_PHASE_STRIP = NO;
				DEBUG_INFORMATION_FORMAT = dwarf;
				ENABLE_STRICT_OBJC_MSGSEND = YES;
				ENABLE_TESTABILITY = YES;
				GCC_C_LANGUAGE_STANDARD = gnu99;
				GCC_DYNAMIC_NO_PIC = NO;
				GCC_NO_COMMON_BLOCKS = YES;
				GCC_OPTIMIZATION_LEVEL = 0;
				GCC_PREPROCESSOR_DEFINITIONS = (
					"DEBUG=1",
					"$(inherited)",
				);
				GCC_WARN_64_TO_32_BIT_CONVERSION = YES;
				GCC_WARN_ABOUT_RETURN_TYPE = YES_ERROR;
				GCC_WARN_UNDECLARED_SELECTOR = YES;
				GCC_WARN_UNINITIALIZED_AUTOS = YES_AGGRESSIVE;
				GCC_WARN_UNUSED_FUNCTION = YES;
				GCC_WARN_UNUSED_VARIABLE = YES;
				IPHONEOS_DEPLOYMENT_TARGET = 9.2;
				MTL_ENABLE_DEBUG_INFO = YES;
				ONLY_ACTIVE_ARCH = YES;
				SDKROOT = iphoneos;
				TARGETED_DEVICE_FAMILY = "1,2";
			};
			name = Debug;
		};
		5AEA36521D28D1A4006BFEF6 /* Release */ = {
			isa = XCBuildConfiguration;
			buildSettings = {
				ALWAYS_SEARCH_USER_PATHS = NO;
				CLANG_CXX_LANGUAGE_STANDARD = "gnu++0x";
				CLANG_CXX_LIBRARY = "libc++";
				CLANG_ENABLE_MODULES = YES;
				CLANG_ENABLE_OBJC_ARC = YES;
				CLANG_WARN_BOOL_CONVERSION = YES;
				CLANG_WARN_CONSTANT_CONVERSION = YES;
				CLANG_WARN_DIRECT_OBJC_ISA_USAGE = YES_ERROR;
				CLANG_WARN_EMPTY_BODY = YES;
				CLANG_WARN_ENUM_CONVERSION = YES;
				CLANG_WARN_INT_CONVERSION = YES;
				CLANG_WARN_OBJC_ROOT_CLASS = YES_ERROR;
				CLANG_WARN_UNREACHABLE_CODE = YES;
				CLANG_WARN__DUPLICATE_METHOD_MATCH = YES;
				"CODE_SIGN_IDENTITY[sdk=iphoneos*]" = "iPhone Developer";
				COPY_PHASE_STRIP = NO;
				DEBUG_INFORMATION_FORMAT = "dwarf-with-dsym";
				ENABLE_NS_ASSERTIONS = NO;
				ENABLE_STRICT_OBJC_MSGSEND = YES;
				GCC_C_LANGUAGE_STANDARD = gnu99;
				GCC_NO_COMMON_BLOCKS = YES;
				GCC_WARN_64_TO_32_BIT_CONVERSION = YES;
				GCC_WARN_ABOUT_RETURN_TYPE = YES_ERROR;
				GCC_WARN_UNDECLARED_SELECTOR = YES;
				GCC_WARN_UNINITIALIZED_AUTOS = YES_AGGRESSIVE;
				GCC_WARN_UNUSED_FUNCTION = YES;
				GCC_WARN_UNUSED_VARIABLE = YES;
				IPHONEOS_DEPLOYMENT_TARGET = 9.2;
				MTL_ENABLE_DEBUG_INFO = NO;
				SDKROOT = iphoneos;
				TARGETED_DEVICE_FAMILY = "1,2";
				VALIDATE_PRODUCT = YES;
			};
			name = Release;
		};
		5AEA36541D28D1A4006BFEF6 /* Debug */ = {
			isa = XCBuildConfiguration;
			buildSettings = {
				ASSETCATALOG_COMPILER_APPICON_NAME = AppIcon;
				INFOPLIST_FILE = XMGStatuBarHUD/Info.plist;
				LD_RUNPATH_SEARCH_PATHS = "$(inherited) @executable_path/Frameworks";
				PRODUCT_BUNDLE_IDENTIFIER = com.baidu.XMGStatuBarHUD;
				PRODUCT_NAME = "$(TARGET_NAME)";
			};
			name = Debug;
		};
		5AEA36551D28D1A4006BFEF6 /* Release */ = {
			isa = XCBuildConfiguration;
			buildSettings = {
				ASSETCATALOG_COMPILER_APPICON_NAME = AppIcon;
				INFOPLIST_FILE = XMGStatuBarHUD/Info.plist;
				LD_RUNPATH_SEARCH_PATHS = "$(inherited) @executable_path/Frameworks";
				PRODUCT_BUNDLE_IDENTIFIER = com.baidu.XMGStatuBarHUD;
				PRODUCT_NAME = "$(TARGET_NAME)";
			};
			name = Release;
		};
		5AEA36571D28D1A4006BFEF6 /* Debug */ = {
			isa = XCBuildConfiguration;
			buildSettings = {
				BUNDLE_LOADER = "$(TEST_HOST)";
				INFOPLIST_FILE = XMGStatuBarHUDTests/Info.plist;
				LD_RUNPATH_SEARCH_PATHS = "$(inherited) @executable_path/Frameworks @loader_path/Frameworks";
				PRODUCT_BUNDLE_IDENTIFIER = com.baidu.XMGStatuBarHUDTests;
				PRODUCT_NAME = "$(TARGET_NAME)";
				TEST_HOST = "$(BUILT_PRODUCTS_DIR)/XMGStatuBarHUD.app/XMGStatuBarHUD";
			};
			name = Debug;
		};
		5AEA36581D28D1A4006BFEF6 /* Release */ = {
			isa = XCBuildConfiguration;
			buildSettings = {
				BUNDLE_LOADER = "$(TEST_HOST)";
				INFOPLIST_FILE = XMGStatuBarHUDTests/Info.plist;
				LD_RUNPATH_SEARCH_PATHS = "$(inherited) @executable_path/Frameworks @loader_path/Frameworks";
				PRODUCT_BUNDLE_IDENTIFIER = com.baidu.XMGStatuBarHUDTests;
				PRODUCT_NAME = "$(TARGET_NAME)";
				TEST_HOST = "$(BUILT_PRODUCTS_DIR)/XMGStatuBarHUD.app/XMGStatuBarHUD";
			};
			name = Release;
		};
		5AEA365A1D28D1A4006BFEF6 /* Debug */ = {
			isa = XCBuildConfiguration;
			buildSettings = {
				INFOPLIST_FILE = XMGStatuBarHUDUITests/Info.plist;
				LD_RUNPATH_SEARCH_PATHS = "$(inherited) @executable_path/Frameworks @loader_path/Frameworks";
				PRODUCT_BUNDLE_IDENTIFIER = com.baidu.XMGStatuBarHUDUITests;
				PRODUCT_NAME = "$(TARGET_NAME)";
				TEST_TARGET_NAME = XMGStatuBarHUD;
				USES_XCTRUNNER = YES;
			};
			name = Debug;
		};
		5AEA365B1D28D1A4006BFEF6 /* Release */ = {
			isa = XCBuildConfiguration;
			buildSettings = {
				INFOPLIST_FILE = XMGStatuBarHUDUITests/Info.plist;
				LD_RUNPATH_SEARCH_PATHS = "$(inherited) @executable_path/Frameworks @loader_path/Frameworks";
				PRODUCT_BUNDLE_IDENTIFIER = com.baidu.XMGStatuBarHUDUITests;
				PRODUCT_NAME = "$(TARGET_NAME)";
				TEST_TARGET_NAME = XMGStatuBarHUD;
				USES_XCTRUNNER = YES;
			};
			name = Release;
		};
/* End XCBuildConfiguration section */

/* Begin XCConfigurationList section */
		5AEA36211D28D1A4006BFEF6 /* Build configuration list for PBXProject "XMGStatuBarHUD" */ = {
			isa = XCConfigurationList;
			buildConfigurations = (
				5AEA36511D28D1A4006BFEF6 /* Debug */,
				5AEA36521D28D1A4006BFEF6 /* Release */,
			);
			defaultConfigurationIsVisible = 0;
			defaultConfigurationName = Release;
		};
		5AEA36531D28D1A4006BFEF6 /* Build configuration list for PBXNativeTarget "XMGStatuBarHUD" */ = {
			isa = XCConfigurationList;
			buildConfigurations = (
				5AEA36541D28D1A4006BFEF6 /* Debug */,
				5AEA36551D28D1A4006BFEF6 /* Release */,
			);
			defaultConfigurationIsVisible = 0;
		};
		5AEA36561D28D1A4006BFEF6 /* Build configuration list for PBXNativeTarget "XMGStatuBarHUDTests" */ = {
			isa = XCConfigurationList;
			buildConfigurations = (
				5AEA36571D28D1A4006BFEF6 /* Debug */,
				5AEA36581D28D1A4006BFEF6 /* Release */,
			);
			defaultConfigurationIsVisible = 0;
		};
		5AEA36591D28D1A4006BFEF6 /* Build configuration list for PBXNativeTarget "XMGStatuBarHUDUITests" */ = {
			isa = XCConfigurationList;
			buildConfigurations = (
				5AEA365A1D28D1A4006BFEF6 /* Debug */,
				5AEA365B1D28D1A4006BFEF6 /* Release */,
			);
			defaultConfigurationIsVisible = 0;
		};
/* End XCConfigurationList section */
	};
	rootObject = 5AEA361E1D28D1A4006BFEF6 /* Project object */;
}
